// !$*UTF8*$!
{
	archiveVersion = 1;
	classes = {
	};
	objectVersion = 46;
	objects = {

/* Begin PBXBuildFile section */
		0D2DA770159CECFA009C4A46 /* Cocoa.framework in Frameworks */ = {isa = PBXBuildFile; fileRef = 0D2DA76F159CECFA009C4A46 /* Cocoa.framework */; };
		0D2DA77A159CECFB009C4A46 /* InfoPlist.strings in Resources */ = {isa = PBXBuildFile; fileRef = 0D2DA778159CECFB009C4A46 /* InfoPlist.strings */; };
		0D2DA77C159CECFB009C4A46 /* main.m in Sources */ = {isa = PBXBuildFile; fileRef = 0D2DA77B159CECFB009C4A46 /* main.m */; };
		0D2DA780159CECFB009C4A46 /* Credits.rtf in Resources */ = {isa = PBXBuildFile; fileRef = 0D2DA77E159CECFB009C4A46 /* Credits.rtf */; };
		0D2DA783159CECFB009C4A46 /* CKAppDelegate.m in Sources */ = {isa = PBXBuildFile; fileRef = 0D2DA782159CECFB009C4A46 /* CKAppDelegate.m */; };
		0D2DA786159CECFB009C4A46 /* MainMenu.xib in Resources */ = {isa = PBXBuildFile; fileRef = 0D2DA784159CECFB009C4A46 /* MainMenu.xib */; };
		0D2FCAD2159CFC0200215551 /* CKRecipe.m in Sources */ = {isa = PBXBuildFile; fileRef = 0D2FCAD1159CFC0200215551 /* CKRecipe.m */; };
		0D2FCAD5159D039100215551 /* CKRecipesSerializer.m in Sources */ = {isa = PBXBuildFile; fileRef = 0D2FCAD4159D039100215551 /* CKRecipesSerializer.m */; };
		0D2FCAD8159D1AF800215551 /* CKRecipes.m in Sources */ = {isa = PBXBuildFile; fileRef = 0D2FCAD7159D1AF800215551 /* CKRecipes.m */; };
		0D8E36AE159FA05500E541EE /* CKRecipesViewController.m in Sources */ = {isa = PBXBuildFile; fileRef = 0D8E36AC159FA05500E541EE /* CKRecipesViewController.m */; };
		0D8E36AF159FA05500E541EE /* CKRecipesView.xib in Resources */ = {isa = PBXBuildFile; fileRef = 0D8E36AD159FA05500E541EE /* CKRecipesView.xib */; };
		0D8E36B5159FA94300E541EE /* CKRecipeViewController.m in Sources */ = {isa = PBXBuildFile; fileRef = 0D8E36B3159FA94300E541EE /* CKRecipeViewController.m */; };
		0D8E36B6159FA94300E541EE /* CKRecipeView.xib in Resources */ = {isa = PBXBuildFile; fileRef = 0D8E36B4159FA94300E541EE /* CKRecipeView.xib */; };
		0D8E36BA159FA9B000E541EE /* CKMainViewController.m in Sources */ = {isa = PBXBuildFile; fileRef = 0D8E36B8159FA9B000E541EE /* CKMainViewController.m */; };
		0D8E36BB159FA9B000E541EE /* CKMainView.xib in Resources */ = {isa = PBXBuildFile; fileRef = 0D8E36B9159FA9B000E541EE /* CKMainView.xib */; };
		0D8E36C3159FBBDD00E541EE /* house.png in Resources */ = {isa = PBXBuildFile; fileRef = 0D8E36C1159FBBDD00E541EE /* house.png */; };
		0D8E36C4159FBBDD00E541EE /* shoebox.png in Resources */ = {isa = PBXBuildFile; fileRef = 0D8E36C2159FBBDD00E541EE /* shoebox.png */; };
		0D8E36C8159FBE2300E541EE /* CKRecipeEditionViewController.m in Sources */ = {isa = PBXBuildFile; fileRef = 0D8E36C6159FBE2300E541EE /* CKRecipeEditionViewController.m */; };
		0D8E36C9159FBE2300E541EE /* CKRecipeEditionView.xib in Resources */ = {isa = PBXBuildFile; fileRef = 0D8E36C7159FBE2300E541EE /* CKRecipeEditionView.xib */; };
		0D8E36CB159FC41900E541EE /* food.png in Resources */ = {isa = PBXBuildFile; fileRef = 0D8E36CA159FC41900E541EE /* food.png */; };
		0D8E36CE159FC94700E541EE /* CKRecipeCell.m in Sources */ = {isa = PBXBuildFile; fileRef = 0D8E36CD159FC94700E541EE /* CKRecipeCell.m */; };
		0D8E36D515A060EF00E541EE /* CKWindowController.m in Sources */ = {isa = PBXBuildFile; fileRef = 0D8E36D415A060EF00E541EE /* CKWindowController.m */; };
		24C1A8E315A1AC7E00B3B80B /* CKRecipeDataSource.m in Sources */ = {isa = PBXBuildFile; fileRef = 24C1A8E215A1AC7E00B3B80B /* CKRecipeDataSource.m */; };
		ADCA60F715A083AD009BE6F0 /* add.png in Resources */ = {isa = PBXBuildFile; fileRef = ADCA60F515A083AD009BE6F0 /* add.png */; };
		ADCA60F815A083AD009BE6F0 /* delete.png in Resources */ = {isa = PBXBuildFile; fileRef = ADCA60F615A083AD009BE6F0 /* delete.png */; };
		ADD320C615A0F3A100B7CD8A /* cookie.icns in Resources */ = {isa = PBXBuildFile; fileRef = ADD320C515A0F3A100B7CD8A /* cookie.icns */; };
/* End PBXBuildFile section */

/* Begin PBXFileReference section */
		0D2DA76B159CECFA009C4A46 /* Cookie.app */ = {isa = PBXFileReference; explicitFileType = wrapper.application; includeInIndex = 0; path = Cookie.app; sourceTree = BUILT_PRODUCTS_DIR; };
		0D2DA76F159CECFA009C4A46 /* Cocoa.framework */ = {isa = PBXFileReference; lastKnownFileType = wrapper.framework; name = Cocoa.framework; path = System/Library/Frameworks/Cocoa.framework; sourceTree = SDKROOT; };
		0D2DA772159CECFA009C4A46 /* AppKit.framework */ = {isa = PBXFileReference; lastKnownFileType = wrapper.framework; name = AppKit.framework; path = System/Library/Frameworks/AppKit.framework; sourceTree = SDKROOT; };
		0D2DA773159CECFA009C4A46 /* CoreData.framework */ = {isa = PBXFileReference; lastKnownFileType = wrapper.framework; name = CoreData.framework; path = System/Library/Frameworks/CoreData.framework; sourceTree = SDKROOT; };
		0D2DA774159CECFA009C4A46 /* Foundation.framework */ = {isa = PBXFileReference; lastKnownFileType = wrapper.framework; name = Foundation.framework; path = System/Library/Frameworks/Foundation.framework; sourceTree = SDKROOT; };
		0D2DA777159CECFB009C4A46 /* Cookie-Info.plist */ = {isa = PBXFileReference; lastKnownFileType = text.plist.xml; path = "Cookie-Info.plist"; sourceTree = "<group>"; };
		0D2DA779159CECFB009C4A46 /* en */ = {isa = PBXFileReference; lastKnownFileType = text.plist.strings; name = en; path = en.lproj/InfoPlist.strings; sourceTree = "<group>"; };
		0D2DA77B159CECFB009C4A46 /* main.m */ = {isa = PBXFileReference; lastKnownFileType = sourcecode.c.objc; path = main.m; sourceTree = "<group>"; };
		0D2DA77D159CECFB009C4A46 /* Cookie-Prefix.pch */ = {isa = PBXFileReference; lastKnownFileType = sourcecode.c.h; path = "Cookie-Prefix.pch"; sourceTree = "<group>"; };
		0D2DA77F159CECFB009C4A46 /* en */ = {isa = PBXFileReference; lastKnownFileType = text.rtf; name = en; path = en.lproj/Credits.rtf; sourceTree = "<group>"; };
		0D2DA781159CECFB009C4A46 /* CKAppDelegate.h */ = {isa = PBXFileReference; lastKnownFileType = sourcecode.c.h; path = CKAppDelegate.h; sourceTree = "<group>"; };
		0D2DA782159CECFB009C4A46 /* CKAppDelegate.m */ = {isa = PBXFileReference; lastKnownFileType = sourcecode.c.objc; path = CKAppDelegate.m; sourceTree = "<group>"; };
		0D2DA785159CECFB009C4A46 /* en */ = {isa = PBXFileReference; lastKnownFileType = file.xib; name = en; path = en.lproj/MainMenu.xib; sourceTree = "<group>"; };
		0D2FCAD0159CFC0200215551 /* CKRecipe.h */ = {isa = PBXFileReference; fileEncoding = 4; lastKnownFileType = sourcecode.c.h; path = CKRecipe.h; sourceTree = "<group>"; };
		0D2FCAD1159CFC0200215551 /* CKRecipe.m */ = {isa = PBXFileReference; fileEncoding = 4; lastKnownFileType = sourcecode.c.objc; path = CKRecipe.m; sourceTree = "<group>"; };
		0D2FCAD3159D039100215551 /* CKRecipesSerializer.h */ = {isa = PBXFileReference; fileEncoding = 4; lastKnownFileType = sourcecode.c.h; path = CKRecipesSerializer.h; sourceTree = "<group>"; };
		0D2FCAD4159D039100215551 /* CKRecipesSerializer.m */ = {isa = PBXFileReference; fileEncoding = 4; lastKnownFileType = sourcecode.c.objc; path = CKRecipesSerializer.m; sourceTree = "<group>"; };
		0D2FCAD6159D1AF800215551 /* CKRecipes.h */ = {isa = PBXFileReference; fileEncoding = 4; lastKnownFileType = sourcecode.c.h; path = CKRecipes.h; sourceTree = "<group>"; };
		0D2FCAD7159D1AF800215551 /* CKRecipes.m */ = {isa = PBXFileReference; fileEncoding = 4; lastKnownFileType = sourcecode.c.objc; path = CKRecipes.m; sourceTree = "<group>"; };
		0D8E36AB159FA05500E541EE /* CKRecipesViewController.h */ = {isa = PBXFileReference; fileEncoding = 4; lastKnownFileType = sourcecode.c.h; path = CKRecipesViewController.h; sourceTree = "<group>"; };
		0D8E36AC159FA05500E541EE /* CKRecipesViewController.m */ = {isa = PBXFileReference; fileEncoding = 4; lastKnownFileType = sourcecode.c.objc; path = CKRecipesViewController.m; sourceTree = "<group>"; };
		0D8E36AD159FA05500E541EE /* CKRecipesView.xib */ = {isa = PBXFileReference; fileEncoding = 4; lastKnownFileType = file.xib; path = CKRecipesView.xib; sourceTree = "<group>"; };
		0D8E36B2159FA94300E541EE /* CKRecipeViewController.h */ = {isa = PBXFileReference; fileEncoding = 4; lastKnownFileType = sourcecode.c.h; path = CKRecipeViewController.h; sourceTree = "<group>"; };
		0D8E36B3159FA94300E541EE /* CKRecipeViewController.m */ = {isa = PBXFileReference; fileEncoding = 4; lastKnownFileType = sourcecode.c.objc; path = CKRecipeViewController.m; sourceTree = "<group>"; };
		0D8E36B4159FA94300E541EE /* CKRecipeView.xib */ = {isa = PBXFileReference; fileEncoding = 4; lastKnownFileType = file.xib; path = CKRecipeView.xib; sourceTree = "<group>"; };
		0D8E36B7159FA9B000E541EE /* CKMainViewController.h */ = {isa = PBXFileReference; fileEncoding = 4; lastKnownFileType = sourcecode.c.h; path = CKMainViewController.h; sourceTree = "<group>"; };
		0D8E36B8159FA9B000E541EE /* CKMainViewController.m */ = {isa = PBXFileReference; fileEncoding = 4; lastKnownFileType = sourcecode.c.objc; path = CKMainViewController.m; sourceTree = "<group>"; };
		0D8E36B9159FA9B000E541EE /* CKMainView.xib */ = {isa = PBXFileReference; fileEncoding = 4; lastKnownFileType = file.xib; path = CKMainView.xib; sourceTree = "<group>"; };
		0D8E36C1159FBBDD00E541EE /* house.png */ = {isa = PBXFileReference; lastKnownFileType = image.png; path = house.png; sourceTree = "<group>"; };
		0D8E36C2159FBBDD00E541EE /* shoebox.png */ = {isa = PBXFileReference; lastKnownFileType = image.png; path = shoebox.png; sourceTree = "<group>"; };
		0D8E36C5159FBE2300E541EE /* CKRecipeEditionViewController.h */ = {isa = PBXFileReference; fileEncoding = 4; lastKnownFileType = sourcecode.c.h; path = CKRecipeEditionViewController.h; sourceTree = "<group>"; };
		0D8E36C6159FBE2300E541EE /* CKRecipeEditionViewController.m */ = {isa = PBXFileReference; fileEncoding = 4; lastKnownFileType = sourcecode.c.objc; path = CKRecipeEditionViewController.m; sourceTree = "<group>"; };
		0D8E36C7159FBE2300E541EE /* CKRecipeEditionView.xib */ = {isa = PBXFileReference; fileEncoding = 4; lastKnownFileType = file.xib; path = CKRecipeEditionView.xib; sourceTree = "<group>"; };
		0D8E36CA159FC41900E541EE /* food.png */ = {isa = PBXFileReference; lastKnownFileType = image.png; path = food.png; sourceTree = "<group>"; };
		0D8E36CC159FC94700E541EE /* CKRecipeCell.h */ = {isa = PBXFileReference; fileEncoding = 4; lastKnownFileType = sourcecode.c.h; path = CKRecipeCell.h; sourceTree = "<group>"; };
		0D8E36CD159FC94700E541EE /* CKRecipeCell.m */ = {isa = PBXFileReference; fileEncoding = 4; lastKnownFileType = sourcecode.c.objc; path = CKRecipeCell.m; sourceTree = "<group>"; };
		0D8E36D315A060EF00E541EE /* CKWindowController.h */ = {isa = PBXFileReference; fileEncoding = 4; lastKnownFileType = sourcecode.c.h; path = CKWindowController.h; sourceTree = "<group>"; };
		0D8E36D415A060EF00E541EE /* CKWindowController.m */ = {isa = PBXFileReference; fileEncoding = 4; lastKnownFileType = sourcecode.c.objc; path = CKWindowController.m; sourceTree = "<group>"; };
		24C1A8E115A1AC7E00B3B80B /* CKRecipeDataSource.h */ = {isa = PBXFileReference; fileEncoding = 4; lastKnownFileType = sourcecode.c.h; path = CKRecipeDataSource.h; sourceTree = "<group>"; };
		24C1A8E215A1AC7E00B3B80B /* CKRecipeDataSource.m */ = {isa = PBXFileReference; fileEncoding = 4; lastKnownFileType = sourcecode.c.objc; path = CKRecipeDataSource.m; sourceTree = "<group>"; };
		ADCA60F515A083AD009BE6F0 /* add.png */ = {isa = PBXFileReference; lastKnownFileType = image.png; path = add.png; sourceTree = "<group>"; };
		ADCA60F615A083AD009BE6F0 /* delete.png */ = {isa = PBXFileReference; lastKnownFileType = image.png; path = delete.png; sourceTree = "<group>"; };
		ADD320C515A0F3A100B7CD8A /* cookie.icns */ = {isa = PBXFileReference; lastKnownFileType = image.icns; path = cookie.icns; sourceTree = "<group>"; };
/* End PBXFileReference section */

/* Begin PBXFrameworksBuildPhase section */
		0D2DA768159CECFA009C4A46 /* Frameworks */ = {
			isa = PBXFrameworksBuildPhase;
			buildActionMask = 2147483647;
			files = (
				0D2DA770159CECFA009C4A46 /* Cocoa.framework in Frameworks */,
			);
			runOnlyForDeploymentPostprocessing = 0;
		};
/* End PBXFrameworksBuildPhase section */

/* Begin PBXGroup section */
		0D2DA760159CECFA009C4A46 = {
			isa = PBXGroup;
			children = (
				0D2DA775159CECFA009C4A46 /* Cookie */,
				0D2DA76E159CECFA009C4A46 /* Frameworks */,
				0D2DA76C159CECFA009C4A46 /* Products */,
			);
			sourceTree = "<group>";
		};
		0D2DA76C159CECFA009C4A46 /* Products */ = {
			isa = PBXGroup;
			children = (
				0D2DA76B159CECFA009C4A46 /* Cookie.app */,
			);
			name = Products;
			sourceTree = "<group>";
		};
		0D2DA76E159CECFA009C4A46 /* Frameworks */ = {
			isa = PBXGroup;
			children = (
				0D2DA76F159CECFA009C4A46 /* Cocoa.framework */,
				0D2DA771159CECFA009C4A46 /* Other Frameworks */,
			);
			name = Frameworks;
			sourceTree = "<group>";
		};
		0D2DA771159CECFA009C4A46 /* Other Frameworks */ = {
			isa = PBXGroup;
			children = (
				0D2DA772159CECFA009C4A46 /* AppKit.framework */,
				0D2DA773159CECFA009C4A46 /* CoreData.framework */,
				0D2DA774159CECFA009C4A46 /* Foundation.framework */,
			);
			name = "Other Frameworks";
			sourceTree = "<group>";
		};
		0D2DA775159CECFA009C4A46 /* Cookie */ = {
			isa = PBXGroup;
			children = (
				AD98747415A23BB100336A88 /* DataSource */,
				0D8E36C0159FB8AC00E541EE /* Resources */,
				0D8E36B1159FA90F00E541EE /* Controllers */,
				0D8E36B0159FA06300E541EE /* Views */,
				0D2FCACB159CFB2F00215551 /* Models */,
				0D2FCAC9159CFACC00215551 /* Database */,
				0D2DA781159CECFB009C4A46 /* CKAppDelegate.h */,
				0D2DA782159CECFB009C4A46 /* CKAppDelegate.m */,
				0D2DA776159CECFB009C4A46 /* Supporting Files */,
				0D8E36CC159FC94700E541EE /* CKRecipeCell.h */,
				0D8E36CD159FC94700E541EE /* CKRecipeCell.m */,
			);
			path = Cookie;
			sourceTree = "<group>";
		};
		0D2DA776159CECFB009C4A46 /* Supporting Files */ = {
			isa = PBXGroup;
			children = (
				0D2DA777159CECFB009C4A46 /* Cookie-Info.plist */,
				0D2DA778159CECFB009C4A46 /* InfoPlist.strings */,
				0D2DA77B159CECFB009C4A46 /* main.m */,
				0D2DA77D159CECFB009C4A46 /* Cookie-Prefix.pch */,
				0D2DA77E159CECFB009C4A46 /* Credits.rtf */,
			);
			name = "Supporting Files";
			sourceTree = "<group>";
		};
		0D2FCAC9159CFACC00215551 /* Database */ = {
			isa = PBXGroup;
			children = (
				0D2FCAD3159D039100215551 /* CKRecipesSerializer.h */,
				0D2FCAD4159D039100215551 /* CKRecipesSerializer.m */,
			);
			name = Database;
			sourceTree = "<group>";
		};
		0D2FCACB159CFB2F00215551 /* Models */ = {
			isa = PBXGroup;
			children = (
				0D2FCAD0159CFC0200215551 /* CKRecipe.h */,
				0D2FCAD1159CFC0200215551 /* CKRecipe.m */,
				0D2FCAD6159D1AF800215551 /* CKRecipes.h */,
				0D2FCAD7159D1AF800215551 /* CKRecipes.m */,
			);
			name = Models;
			sourceTree = "<group>";
		};
		0D8E36B0159FA06300E541EE /* Views */ = {
			isa = PBXGroup;
			children = (
				0D8E36C7159FBE2300E541EE /* CKRecipeEditionView.xib */,
				0D8E36B9159FA9B000E541EE /* CKMainView.xib */,
				0D8E36B4159FA94300E541EE /* CKRecipeView.xib */,
				0D8E36AD159FA05500E541EE /* CKRecipesView.xib */,
				0D2DA784159CECFB009C4A46 /* MainMenu.xib */,
			);
			name = Views;
			sourceTree = "<group>";
		};
		0D8E36B1159FA90F00E541EE /* Controllers */ = {
			isa = PBXGroup;
			children = (
				0D8E36AB159FA05500E541EE /* CKRecipesViewController.h */,
				0D8E36AC159FA05500E541EE /* CKRecipesViewController.m */,
				0D8E36B2159FA94300E541EE /* CKRecipeViewController.h */,
				0D8E36B3159FA94300E541EE /* CKRecipeViewController.m */,
				0D8E36B7159FA9B000E541EE /* CKMainViewController.h */,
				0D8E36B8159FA9B000E541EE /* CKMainViewController.m */,
				0D8E36C5159FBE2300E541EE /* CKRecipeEditionViewController.h */,
				0D8E36C6159FBE2300E541EE /* CKRecipeEditionViewController.m */,
				0D8E36D315A060EF00E541EE /* CKWindowController.h */,
				0D8E36D415A060EF00E541EE /* CKWindowController.m */,
			);
			name = Controllers;
			sourceTree = "<group>";
		};
		0D8E36C0159FB8AC00E541EE /* Resources */ = {
			isa = PBXGroup;
			children = (
				ADD320C515A0F3A100B7CD8A /* cookie.icns */,
				ADCA60F515A083AD009BE6F0 /* add.png */,
				ADCA60F615A083AD009BE6F0 /* delete.png */,
				0D8E36C1159FBBDD00E541EE /* house.png */,
				0D8E36C2159FBBDD00E541EE /* shoebox.png */,
				0D8E36CA159FC41900E541EE /* food.png */,
			);
			name = Resources;
			sourceTree = "<group>";
		};
		AD98747415A23BB100336A88 /* DataSource */ = {
			isa = PBXGroup;
			children = (
				24C1A8E115A1AC7E00B3B80B /* CKRecipeDataSource.h */,
				24C1A8E215A1AC7E00B3B80B /* CKRecipeDataSource.m */,
			);
			name = DataSource;
			sourceTree = "<group>";
		};
/* End PBXGroup section */

/* Begin PBXNativeTarget section */
		0D2DA76A159CECFA009C4A46 /* Cookie */ = {
			isa = PBXNativeTarget;
			buildConfigurationList = 0D2DA789159CECFB009C4A46 /* Build configuration list for PBXNativeTarget "Cookie" */;
			buildPhases = (
				0D2DA767159CECFA009C4A46 /* Sources */,
				0D2DA768159CECFA009C4A46 /* Frameworks */,
				0D2DA769159CECFA009C4A46 /* Resources */,
			);
			buildRules = (
			);
			dependencies = (
			);
			name = Cookie;
			productName = Cookie;
			productReference = 0D2DA76B159CECFA009C4A46 /* Cookie.app */;
			productType = "com.apple.product-type.application";
		};
/* End PBXNativeTarget section */

/* Begin PBXProject section */
		0D2DA762159CECFA009C4A46 /* Project object */ = {
			isa = PBXProject;
			attributes = {
				CLASSPREFIX = CK;
				LastUpgradeCheck = 0430;
				ORGANIZATIONNAME = 3IE;
			};
			buildConfigurationList = 0D2DA765159CECFA009C4A46 /* Build configuration list for PBXProject "Cookie" */;
			compatibilityVersion = "Xcode 3.2";
			developmentRegion = English;
			hasScannedForEncodings = 0;
			knownRegions = (
				en,
			);
			mainGroup = 0D2DA760159CECFA009C4A46;
			productRefGroup = 0D2DA76C159CECFA009C4A46 /* Products */;
			projectDirPath = "";
			projectRoot = "";
			targets = (
				0D2DA76A159CECFA009C4A46 /* Cookie */,
			);
		};
/* End PBXProject section */

/* Begin PBXResourcesBuildPhase section */
		0D2DA769159CECFA009C4A46 /* Resources */ = {
			isa = PBXResourcesBuildPhase;
			buildActionMask = 2147483647;
			files = (
				0D2DA77A159CECFB009C4A46 /* InfoPlist.strings in Resources */,
				0D2DA780159CECFB009C4A46 /* Credits.rtf in Resources */,
				0D2DA786159CECFB009C4A46 /* MainMenu.xib in Resources */,
				0D8E36AF159FA05500E541EE /* CKRecipesView.xib in Resources */,
				0D8E36B6159FA94300E541EE /* CKRecipeView.xib in Resources */,
				0D8E36BB159FA9B000E541EE /* CKMainView.xib in Resources */,
				0D8E36C3159FBBDD00E541EE /* house.png in Resources */,
				0D8E36C4159FBBDD00E541EE /* shoebox.png in Resources */,
				0D8E36C9159FBE2300E541EE /* CKRecipeEditionView.xib in Resources */,
				0D8E36CB159FC41900E541EE /* food.png in Resources */,
				ADCA60F715A083AD009BE6F0 /* add.png in Resources */,
				ADCA60F815A083AD009BE6F0 /* delete.png in Resources */,
				ADD320C615A0F3A100B7CD8A /* cookie.icns in Resources */,
			);
			runOnlyForDeploymentPostprocessing = 0;
		};
/* End PBXResourcesBuildPhase section */

/* Begin PBXSourcesBuildPhase section */
		0D2DA767159CECFA009C4A46 /* Sources */ = {
			isa = PBXSourcesBuildPhase;
			buildActionMask = 2147483647;
			files = (
				0D2DA77C159CECFB009C4A46 /* main.m in Sources */,
				0D2DA783159CECFB009C4A46 /* CKAppDelegate.m in Sources */,
				0D2FCAD2159CFC0200215551 /* CKRecipe.m in Sources */,
				0D2FCAD5159D039100215551 /* CKRecipesSerializer.m in Sources */,
				0D2FCAD8159D1AF800215551 /* CKRecipes.m in Sources */,
				0D8E36AE159FA05500E541EE /* CKRecipesViewController.m in Sources */,
				0D8E36B5159FA94300E541EE /* CKRecipeViewController.m in Sources */,
				0D8E36BA159FA9B000E541EE /* CKMainViewController.m in Sources */,
				0D8E36C8159FBE2300E541EE /* CKRecipeEditionViewController.m in Sources */,
				0D8E36CE159FC94700E541EE /* CKRecipeCell.m in Sources */,
				0D8E36D515A060EF00E541EE /* CKWindowController.m in Sources */,
				24C1A8E315A1AC7E00B3B80B /* CKRecipeDataSource.m in Sources */,
			);
			runOnlyForDeploymentPostprocessing = 0;
		};
/* End PBXSourcesBuildPhase section */

/* Begin PBXVariantGroup section */
		0D2DA778159CECFB009C4A46 /* InfoPlist.strings */ = {
			isa = PBXVariantGroup;
			children = (
				0D2DA779159CECFB009C4A46 /* en */,
			);
			name = InfoPlist.strings;
			sourceTree = "<group>";
		};
		0D2DA77E159CECFB009C4A46 /* Credits.rtf */ = {
			isa = PBXVariantGroup;
			children = (
				0D2DA77F159CECFB009C4A46 /* en */,
			);
			name = Credits.rtf;
			sourceTree = "<group>";
		};
		0D2DA784159CECFB009C4A46 /* MainMenu.xib */ = {
			isa = PBXVariantGroup;
			children = (
				0D2DA785159CECFB009C4A46 /* en */,
			);
			name = MainMenu.xib;
			sourceTree = "<group>";
		};
/* End PBXVariantGroup section */

/* Begin XCBuildConfiguration section */
		0D2DA787159CECFB009C4A46 /* Debug */ = {
			isa = XCBuildConfiguration;
			buildSettings = {
				ALWAYS_SEARCH_USER_PATHS = NO;
				ARCHS = "$(ARCHS_STANDARD_64_BIT)";
				COPY_PHASE_STRIP = NO;
				GCC_C_LANGUAGE_STANDARD = gnu99;
				GCC_DYNAMIC_NO_PIC = NO;
				GCC_ENABLE_OBJC_EXCEPTIONS = YES;
				GCC_OPTIMIZATION_LEVEL = 0;
				GCC_PREPROCESSOR_DEFINITIONS = (
					"DEBUG=1",
					"$(inherited)",
				);
				GCC_SYMBOLS_PRIVATE_EXTERN = NO;
				GCC_VERSION = com.apple.compilers.llvm.clang.1_0;
				GCC_WARN_64_TO_32_BIT_CONVERSION = YES;
				GCC_WARN_ABOUT_RETURN_TYPE = YES;
				GCC_WARN_UNINITIALIZED_AUTOS = YES;
				GCC_WARN_UNUSED_VARIABLE = YES;
				MACOSX_DEPLOYMENT_TARGET = 10.6;
				ONLY_ACTIVE_ARCH = YES;
				SDKROOT = macosx10.6;
			};
			name = Debug;
		};
		0D2DA788159CECFB009C4A46 /* Release */ = {
			isa = XCBuildConfiguration;
			buildSettings = {
				ALWAYS_SEARCH_USER_PATHS = NO;
				ARCHS = "$(ARCHS_STANDARD_64_BIT)";
				COPY_PHASE_STRIP = YES;
				DEBUG_INFORMATION_FORMAT = "dwarf-with-dsym";
				GCC_C_LANGUAGE_STANDARD = gnu99;
				GCC_ENABLE_OBJC_EXCEPTIONS = YES;
				GCC_VERSION = com.apple.compilers.llvm.clang.1_0;
				GCC_WARN_64_TO_32_BIT_CONVERSION = YES;
				GCC_WARN_ABOUT_RETURN_TYPE = YES;
				GCC_WARN_UNINITIALIZED_AUTOS = YES;
				GCC_WARN_UNUSED_VARIABLE = YES;
				MACOSX_DEPLOYMENT_TARGET = 10.6;
				SDKROOT = macosx10.6;
			};
			name = Release;
		};
		0D2DA78A159CECFB009C4A46 /* Debug */ = {
			isa = XCBuildConfiguration;
			buildSettings = {
				GCC_PRECOMPILE_PREFIX_HEADER = YES;
				GCC_PREFIX_HEADER = "Cookie/Cookie-Prefix.pch";
				INFOPLIST_FILE = "Cookie/Cookie-Info.plist";
				MACOSX_DEPLOYMENT_TARGET = 10.6;
				PRODUCT_NAME = "$(TARGET_NAME)";
				WRAPPER_EXTENSION = app;
			};
			name = Debug;
		};
		0D2DA78B159CECFB009C4A46 /* Release */ = {
			isa = XCBuildConfiguration;
			buildSettings = {
				GCC_PRECOMPILE_PREFIX_HEADER = YES;
				GCC_PREFIX_HEADER = "Cookie/Cookie-Prefix.pch";
				INFOPLIST_FILE = "Cookie/Cookie-Info.plist";
				MACOSX_DEPLOYMENT_TARGET = 10.6;
				PRODUCT_NAME = "$(TARGET_NAME)";
				WRAPPER_EXTENSION = app;
			};
			name = Release;
		};
/* End XCBuildConfiguration section */

/* Begin XCConfigurationList section */
		0D2DA765159CECFA009C4A46 /* Build configuration list for PBXProject "Cookie" */ = {
			isa = XCConfigurationList;
			buildConfigurations = (
				0D2DA787159CECFB009C4A46 /* Debug */,
				0D2DA788159CECFB009C4A46 /* Release */,
			);
			defaultConfigurationIsVisible = 0;
			defaultConfigurationName = Release;
		};
		0D2DA789159CECFB009C4A46 /* Build configuration list for PBXNativeTarget "Cookie" */ = {
			isa = XCConfigurationList;
			buildConfigurations = (
				0D2DA78A159CECFB009C4A46 /* Debug */,
				0D2DA78B159CECFB009C4A46 /* Release */,
			);
			defaultConfigurationIsVisible = 0;
			defaultConfigurationName = Release;
		};
/* End XCConfigurationList section */
	};
	rootObject = 0D2DA762159CECFA009C4A46 /* Project object */;
}
